github.com/rafaadila10/udemy-pzn-go-say-hello v1.0.0 h1:AO0NgXw5zSBa/K46V5Ape96VdwzsdgLotAc3CEruHdE=
github.com/rafaadila10/udemy-pzn-go-say-hello v1.0.0/go.mod h1:yai6AQEEOwuPM3Uc42iQWcBmKcQ9g2xFmYN7FftP7Sc=
github.com/rafaadila10/udemy-pzn-go-say-hello v1.5.0 h1:1hjYj7IOnADFEFQsKQf+ycc5Wi1Je0oWS/2FRhFK0iQ=
github.com/rafaadila10/udemy-pzn-go-say-hello v1.5.0/go.mod h1:yai6AQEEOwuPM3Uc42iQWcBmKcQ9g2xFmYN7FftP7Sc=
github.com/rafaadila10/udemy-pzn-go-say-hello/v2 v2.0.0 h1:KWLsF+RY8XRArl4KiRMva3YVAFmkseDdbGEt4RjpfW4=
github.com/rafaadila10/udemy-pzn-go-say-hello/v2 v2.0.0/go.mod h1:/P966/e42jm6V1NuwNfjdmsCqJ9W37GjuGNO5Ky3Vj8=
